schema: '2.0'
stages:
  data_ingestion:
    cmd: python src/data/data_ingestion.py
    deps:
    - path: src/data/data_ingestion.py
      hash: md5
      md5: bb90bfe1d3421ae80bc439a161d04e3e
      size: 3449
    params:
      params.yaml:
        data_ingestion.test_size: 0.15
    outs:
    - path: data/raw
      hash: md5
      md5: 72e907629315922c2425465da8a433e7.dir
      size: 817597
      nfiles: 2
  data_preprocessing:
    cmd: python src/data/data_preprocessing.py
    deps:
    - path: data/raw
      hash: md5
      md5: 72e907629315922c2425465da8a433e7.dir
      size: 817597
      nfiles: 2
    - path: src/data/data_preprocessing.py
      hash: md5
      md5: 2031843912c4af269f668db21e154783
      size: 3895
    outs:
    - path: data/interim
      hash: md5
      md5: 639e10b5fcc78694f7268bf3428deedd.dir
      size: 562257
      nfiles: 2
  feature_engineering:
    cmd: python src/features/feature_engineering.py
    deps:
    - path: data/interim
      hash: md5
      md5: 639e10b5fcc78694f7268bf3428deedd.dir
      size: 562257
      nfiles: 2
    - path: src/features/feature_engineering.py
      hash: md5
      md5: a4e2c9d9336aabf06653beacce87912e
      size: 3770
    params:
      params.yaml:
        feature_engineering.max_features: 3000
    outs:
    - path: data/processed
      hash: md5
      md5: 22e3c72e5da23d4021abb9a3d206415c.dir
      size: 62292540
      nfiles: 2
    - path: models/vectorizer.pkl
      hash: md5
      md5: 8d2a9afe18498791b0cdacd70a620493
      size: 83025
  model_building:
    cmd: python src/models/model_building.py
    deps:
    - path: data/processed
      hash: md5
      md5: 22e3c72e5da23d4021abb9a3d206415c.dir
      size: 62292540
      nfiles: 2
    - path: src/models/model_building.py
      hash: md5
      md5: 4d89bb8181366c524ab585b55705b265
      size: 2298
    outs:
    - path: models/model.pkl
      hash: md5
      md5: 7dd91d8314ae63d16f58838bad9cf25d
      size: 24717
  model_evaluation:
    cmd: python src/models/model_evaluation.py
    deps:
    - path: models/model.pkl
      hash: md5
      md5: 7dd91d8314ae63d16f58838bad9cf25d
      size: 24717
    - path: src/models/model_evaluation.py
      hash: md5
      md5: 9c04c1d8ad9b9acce7d07354abdb36f7
      size: 5154
    outs:
    - path: reports/experiment_info.json
      hash: md5
      md5: 43d83c33f66f3d103a5e7bb9b4c86b87
      size: 79
    - path: reports/metrics.json
      hash: md5
      md5: 0b609b316c9758730c5badbe4f674786
      size: 140
  model_registration:
    cmd: python src/models/register_model.py
    deps:
    - path: reports/experiment_info.json
      hash: md5
      md5: 43d83c33f66f3d103a5e7bb9b4c86b87
      size: 79
    - path: src/models/register_model.py
      hash: md5
      md5: ebc83e6b859844f1e47f52a2dfcabee3
      size: 2573
